github.com/cjtoolkit/ctx v1.1.0 h1:I5CYxCpBgf53WBsbtexKDTohA+kHY1Dj+kQ5XM25aBE=
github.com/cjtoolkit/ctx v1.1.0/go.mod h1:y6HCczTZ82vY+sBkZ/WdpdVKQlWl7YHYEEbwVsOtaQE=
github.com/cjtoolkit/taskforce v1.0.0 h1:I2k2YD7NZGavIJx/xo4DckN6RTIHyzNXvVQ2+VmUrYI=
github.com/cjtoolkit/taskforce v1.0.0/go.mod h1:kVToaaamTd3mklFcm6i3pDZybmSgC/YsKfWVquSMA8g=
github.com/cjtoolkit/zipfs v1.0.0 h1:b567A+5gd6CINXrbiGkezXio6dwMTjOwXYCOuZmjQas=
github.com/cjtoolkit/zipfs v1.0.0/go.mod h1:JgECZUiIauTJW7Wz/5mxae+sJPMO2PgJJj8QT16fOaM=
github.com/golang/mock v1.1.1 h1:G5FRp8JnTd7RQH5kemVNlMeyXQAztQ3mOWV95KxsXH8=
github.com/golang/mock v1.1.1/go.mod h1:oTYuIxOrZwtPieC+H1uAHpcLFnEyAGVDL/k47Jfbm0A=
github.com/julienschmidt/httprouter v1.3.0 h1:U0609e9tgbseu3rBINet9P48AI/D3oJs4dN7jwJOQ1U=
github.com/julienschmidt/httprouter v1.3.0/go.mod h1:JR6WtHb+2LUe8TCKY3cZOxFyyO8IZAc4RVcycCCAKdM=
golang.org/x/crypto v0.0.0-20190308221718-c2843e01d9a2/go.mod h1:djNgcEr1/C05ACkg1iLfiJU5Ep61QUkGW8qpdssI0+w=
golang.org/x/net v0.0.0-20200324143707-d3edc9973b7e h1:3G+cUijn7XD+S4eJFddp53Pv7+slrESplyjG25HgL+k=
golang.org/x/net v0.0.0-20200324143707-d3edc9973b7e/go.mod h1:qpuaurCH72eLCgpAm/N6yyVIVM9cpaDIP3A8BGJEC5A=
golang.org/x/sys v0.0.0-20190215142949-d0b11bdaac8a/go.mod h1:STP8DvDyc/dI5b8T5hshtkjS+E42TnysNCUPdjciGhY=
golang.org/x/sys v0.0.0-20200323222414-85ca7c5b95cd/go.mod h1:h1NjWce9XRLGQEsW7wpKNCjG9DtNlClVuFLEZdDNbEs=
golang.org/x/text v0.3.0/go.mod h1:NqM8EUOU14njkJ3fqMW+pc6Ldnwhi/IjpwHt7yyuwOQ=
